// !$*UTF8*$!
{
	archiveVersion = 1;
	classes = {
	};
	objectVersion = 77;
	objects = {

/* Begin PBXContainerItemProxy section */
		1A2880892DA98A050083A3A0 /* PBXContainerItemProxy */ = {
			isa = PBXContainerItemProxy;
			containerPortal = 1A28806E2DA98A040083A3A0 /* Project object */;
			proxyType = 1;
			remoteGlobalIDString = 1A2880752DA98A040083A3A0;
			remoteInfo = FarmSprayTracker;
		};
		1A2880932DA98A050083A3A0 /* PBXContainerItemProxy */ = {
			isa = PBXContainerItemProxy;
			containerPortal = 1A28806E2DA98A040083A3A0 /* Project object */;
			proxyType = 1;
			remoteGlobalIDString = 1A2880752DA98A040083A3A0;
			remoteInfo = FarmSprayTracker;
		};
/* End PBXContainerItemProxy section */

/* Begin PBXFileReference section */
		1A2880762DA98A040083A3A0 /* FarmSprayTracker.app */ = {isa = PBXFileReference; explicitFileType = wrapper.application; includeInIndex = 0; path = FarmSprayTracker.app; sourceTree = BUILT_PRODUCTS_DIR; };
		1A2880882DA98A050083A3A0 /* FarmSprayTrackerTests.xctest */ = {isa = PBXFileReference; explicitFileType = wrapper.cfbundle; includeInIndex = 0; path = FarmSprayTrackerTests.xctest; sourceTree = BUILT_PRODUCTS_DIR; };
		1A2880922DA98A050083A3A0 /* FarmSprayTrackerUITests.xctest */ = {isa = PBXFileReference; explicitFileType = wrapper.cfbundle; includeInIndex = 0; path = FarmSprayTrackerUITests.xctest; sourceTree = BUILT_PRODUCTS_DIR; };
/* End PBXFileReference section */

/* Begin PBXFileSystemSynchronizedRootGroup section */
		1A2880782DA98A040083A3A0 /* FarmSprayTracker */ = {
			isa = PBXFileSystemSynchronizedRootGroup;
			path = FarmSprayTracker;
			sourceTree = "<group>";
		};
		1A28808B2DA98A050083A3A0 /* FarmSprayTrackerTests */ = {
			isa = PBXFileSystemSynchronizedRootGroup;
			path = FarmSprayTrackerTests;
			sourceTree = "<group>";
		};
		1A2880952DA98A050083A3A0 /* FarmSprayTrackerUITests */ = {
			isa = PBXFileSystemSynchronizedRootGroup;
			path = FarmSprayTrackerUITests;
			sourceTree = "<group>";
		};
/* End PBXFileSystemSynchronizedRootGroup section */

/* Begin PBXFrameworksBuildPhase section */
		1A2880732DA98A040083A3A0 /* Frameworks */ = {
			isa = PBXFrameworksBuildPhase;
			buildActionMask = 2147483647;
			files = (
			);
			runOnlyForDeploymentPostprocessing = 0;
		};
		1A2880852DA98A050083A3A0 /* Frameworks */ = {
			isa = PBXFrameworksBuildPhase;
			buildActionMask = 2147483647;
			files = (
			);
			runOnlyForDeploymentPostprocessing = 0;
		};
		1A28808F2DA98A050083A3A0 /* Frameworks */ = {
			isa = PBXFrameworksBuildPhase;
			buildActionMask = 2147483647;
			files = (
			);
			runOnlyForDeploymentPostprocessing = 0;
		};
/* End PBXFrameworksBuildPhase section */

/* Begin PBXGroup section */
		1A28806D2DA98A040083A3A0 = {
			isa = PBXGroup;
			children = (
				1A2880782DA98A040083A3A0 /* FarmSprayTracker */,
				1A28808B2DA98A050083A3A0 /* FarmSprayTrackerTests */,
				1A2880952DA98A050083A3A0 /* FarmSprayTrackerUITests */,
				1A2880772DA98A040083A3A0 /* Products */,
			);
			sourceTree = "<group>";
		};
		1A2880772DA98A040083A3A0 /* Products */ = {
			isa = PBXGroup;
			children = (
				1A2880762DA98A040083A3A0 /* FarmSprayTracker.app */,
				1A2880882DA98A050083A3A0 /* FarmSprayTrackerTests.xctest */,
				1A2880922DA98A050083A3A0 /* FarmSprayTrackerUITests.xctest */,
			);
			name = Products;
			sourceTree = "<group>";
		};
/* End PBXGroup section */

/* Begin PBXNativeTarget section */
		1A2880752DA98A040083A3A0 /* FarmSprayTracker */ = {
			isa = PBXNativeTarget;
			buildConfigurationList = 1A28809C2DA98A050083A3A0 /* Build configuration list for PBXNativeTarget "FarmSprayTracker" */;
			buildPhases = (
				1A2880722DA98A040083A3A0 /* Sources */,
				1A2880732DA98A040083A3A0 /* Frameworks */,
				1A2880742DA98A040083A3A0 /* Resources */,
			);
			buildRules = (
			);
			dependencies = (
			);
			fileSystemSynchronizedGroups = (
				1A2880782DA98A040083A3A0 /* FarmSprayTracker */,
			);
			name = FarmSprayTracker;
			packageProductDependencies = (
			);
			productName = FarmSprayTracker;
			productReference = 1A2880762DA98A040083A3A0 /* FarmSprayTracker.app */;
			productType = "com.apple.product-type.application";
		};
		1A2880872DA98A050083A3A0 /* FarmSprayTrackerTests */ = {
			isa = PBXNativeTarget;
			buildConfigurationList = 1A28809F2DA98A050083A3A0 /* Build configuration list for PBXNativeTarget "FarmSprayTrackerTests" */;
			buildPhases = (
				1A2880842DA98A050083A3A0 /* Sources */,
				1A2880852DA98A050083A3A0 /* Frameworks */,
				1A2880862DA98A050083A3A0 /* Resources */,
			);
			buildRules = (
			);
			dependencies = (
				1A28808A2DA98A050083A3A0 /* PBXTargetDependency */,
			);
			fileSystemSynchronizedGroups = (
				1A28808B2DA98A050083A3A0 /* FarmSprayTrackerTests */,
			);
			name = FarmSprayTrackerTests;
			packageProductDependencies = (
			);
			productName = FarmSprayTrackerTests;
			productReference = 1A2880882DA98A050083A3A0 /* FarmSprayTrackerTests.xctest */;
			productType = "com.apple.product-type.bundle.unit-test";
		};
		1A2880912DA98A050083A3A0 /* FarmSprayTrackerUITests */ = {
			isa = PBXNativeTarget;
			buildConfigurationList = 1A2880A22DA98A050083A3A0 /* Build configuration list for PBXNativeTarget "FarmSprayTrackerUITests" */;
			buildPhases = (
				1A28808E2DA98A050083A3A0 /* Sources */,
				1A28808F2DA98A050083A3A0 /* Frameworks */,
				1A2880902DA98A050083A3A0 /* Resources */,
			);
			buildRules = (
			);
			dependencies = (
				1A2880942DA98A050083A3A0 /* PBXTargetDependency */,
			);
			fileSystemSynchronizedGroups = (
				1A2880952DA98A050083A3A0 /* FarmSprayTrackerUITests */,
			);
			name = FarmSprayTrackerUITests;
			packageProductDependencies = (
			);
			productName = FarmSprayTrackerUITests;
			productReference = 1A2880922DA98A050083A3A0 /* FarmSprayTrackerUITests.xctest */;
			productType = "com.apple.product-type.bundle.ui-testing";
		};
/* End PBXNativeTarget section */

/* Begin PBXProject section */
		1A28806E2DA98A040083A3A0 /* Project object */ = {
			isa = PBXProject;
			attributes = {
				BuildIndependentTargetsInParallel = 1;
				LastSwiftUpdateCheck = 1630;
				LastUpgradeCheck = 1630;
				TargetAttributes = {
					1A2880752DA98A040083A3A0 = {
						CreatedOnToolsVersion = 16.3;
					};
					1A2880872DA98A050083A3A0 = {
						CreatedOnToolsVersion = 16.3;
						TestTargetID = 1A2880752DA98A040083A3A0;
					};
					1A2880912DA98A050083A3A0 = {
						CreatedOnToolsVersion = 16.3;
						TestTargetID = 1A2880752DA98A040083A3A0;
					};
				};
			};
			buildConfigurationList = 1A2880712DA98A040083A3A0 /* Build configuration list for PBXProject "FarmSprayTracker" */;
			developmentRegion = en;
			hasScannedForEncodings = 0;
			knownRegions = (
				en,
				Base,
			);
			mainGroup = 1A28806D2DA98A040083A3A0;
			minimizedProjectReferenceProxies = 1;
			preferredProjectObjectVersion = 77;
			productRefGroup = 1A2880772DA98A040083A3A0 /* Products */;
			projectDirPath = "";
			projectRoot = "";
			targets = (
				1A2880752DA98A040083A3A0 /* FarmSprayTracker */,
				1A2880872DA98A050083A3A0 /* FarmSprayTrackerTests */,
				1A2880912DA98A050083A3A0 /* FarmSprayTrackerUITests */,
			);
		};
/* End PBXProject section */

/* Begin PBXResourcesBuildPhase section */
		1A2880742DA98A040083A3A0 /* Resources */ = {
			isa = PBXResourcesBuildPhase;
			buildActionMask = 2147483647;
			files = (
			);
			runOnlyForDeploymentPostprocessing = 0;
		};
		1A2880862DA98A050083A3A0 /* Resources */ = {
			isa = PBXResourcesBuildPhase;
			buildActionMask = 2147483647;
			files = (
			);
			runOnlyForDeploymentPostprocessing = 0;
		};
		1A2880902DA98A050083A3A0 /* Resources */ = {
			isa = PBXResourcesBuildPhase;
			buildActionMask = 2147483647;
			files = (
			);
			runOnlyForDeploymentPostprocessing = 0;
		};
/* End PBXResourcesBuildPhase section */

/* Begin PBXSourcesBuildPhase section */
		1A2880722DA98A040083A3A0 /* Sources */ = {
			isa = PBXSourcesBuildPhase;
			buildActionMask = 2147483647;
			files = (
			);
			runOnlyForDeploymentPostprocessing = 0;
		};
		1A2880842DA98A050083A3A0 /* Sources */ = {
			isa = PBXSourcesBuildPhase;
			buildActionMask = 2147483647;
			files = (
			);
			runOnlyForDeploymentPostprocessing = 0;
		};
		1A28808E2DA98A050083A3A0 /* Sources */ = {
			isa = PBXSourcesBuildPhase;
			buildActionMask = 2147483647;
			files = (
			);
			runOnlyForDeploymentPostprocessing = 0;
		};
/* End PBXSourcesBuildPhase section */

/* Begin PBXTargetDependency section */
		1A28808A2DA98A050083A3A0 /* PBXTargetDependency */ = {
			isa = PBXTargetDependency;
			target = 1A2880752DA98A040083A3A0 /* FarmSprayTracker */;
			targetProxy = 1A2880892DA98A050083A3A0 /* PBXContainerItemProxy */;
		};
		1A2880942DA98A050083A3A0 /* PBXTargetDependency */ = {
			isa = PBXTargetDependency;
			target = 1A2880752DA98A040083A3A0 /* FarmSprayTracker */;
			targetProxy = 1A2880932DA98A050083A3A0 /* PBXContainerItemProxy */;
		};
/* End PBXTargetDependency section */

/* Begin XCBuildConfiguration section */
		1A28809A2DA98A050083A3A0 /* Debug */ = {
			isa = XCBuildConfiguration;
			buildSettings = {
				ALWAYS_SEARCH_USER_PATHS = NO;
				ASSETCATALOG_COMPILER_GENERATE_SWIFT_ASSET_SYMBOL_EXTENSIONS = YES;
				CLANG_ANALYZER_NONNULL = YES;
				CLANG_ANALYZER_NUMBER_OBJECT_CONVERSION = YES_AGGRESSIVE;
				CLANG_CXX_LANGUAGE_STANDARD = "gnu++20";
				CLANG_ENABLE_MODULES = YES;
				CLANG_ENABLE_OBJC_ARC = YES;
				CLANG_ENABLE_OBJC_WEAK = YES;
				CLANG_WARN_BLOCK_CAPTURE_AUTORELEASING = YES;
				CLANG_WARN_BOOL_CONVERSION = YES;
				CLANG_WARN_COMMA = YES;
				CLANG_WARN_CONSTANT_CONVERSION = YES;
				CLANG_WARN_DEPRECATED_OBJC_IMPLEMENTATIONS = YES;
				CLANG_WARN_DIRECT_OBJC_ISA_USAGE = YES_ERROR;
				CLANG_WARN_DOCUMENTATION_COMMENTS = YES;
				CLANG_WARN_EMPTY_BODY = YES;
				CLANG_WARN_ENUM_CONVERSION = YES;
				CLANG_WARN_INFINITE_RECURSION = YES;
				CLANG_WARN_INT_CONVERSION = YES;
				CLANG_WARN_NON_LITERAL_NULL_CONVERSION = YES;
				CLANG_WARN_OBJC_IMPLICIT_RETAIN_SELF = YES;
				CLANG_WARN_OBJC_LITERAL_CONVERSION = YES;
				CLANG_WARN_OBJC_ROOT_CLASS = YES_ERROR;
				CLANG_WARN_QUOTED_INCLUDE_IN_FRAMEWORK_HEADER = YES;
				CLANG_WARN_RANGE_LOOP_ANALYSIS = YES;
				CLANG_WARN_STRICT_PROTOTYPES = YES;
				CLANG_WARN_SUSPICIOUS_MOVE = YES;
				CLANG_WARN_UNGUARDED_AVAILABILITY = YES_AGGRESSIVE;
				CLANG_WARN_UNREACHABLE_CODE = YES;
				CLANG_WARN__DUPLICATE_METHOD_MATCH = YES;
				COPY_PHASE_STRIP = NO;
				DEBUG_INFORMATION_FORMAT = dwarf;
				DEVELOPMENT_TEAM = 783H8C9LDS;
				ENABLE_STRICT_OBJC_MSGSEND = YES;
				ENABLE_TESTABILITY = YES;
				ENABLE_USER_SCRIPT_SANDBOXING = YES;
				GCC_C_LANGUAGE_STANDARD = gnu17;
				GCC_DYNAMIC_NO_PIC = NO;
				GCC_NO_COMMON_BLOCKS = YES;
				GCC_OPTIMIZATION_LEVEL = 0;
				GCC_PREPROCESSOR_DEFINITIONS = (
					"DEBUG=1",
					"$(inherited)",
				);
				GCC_WARN_64_TO_32_BIT_CONVERSION = YES;
				GCC_WARN_ABOUT_RETURN_TYPE = YES_ERROR;
				GCC_WARN_UNDECLARED_SELECTOR = YES;
				GCC_WARN_UNINITIALIZED_AUTOS = YES_AGGRESSIVE;
				GCC_WARN_UNUSED_FUNCTION = YES;
				GCC_WARN_UNUSED_VARIABLE = YES;
				IPHONEOS_DEPLOYMENT_TARGET = 18.4;
				LOCALIZATION_PREFERS_STRING_CATALOGS = YES;
				MTL_ENABLE_DEBUG_INFO = INCLUDE_SOURCE;
				MTL_FAST_MATH = YES;
				ONLY_ACTIVE_ARCH = YES;
				SDKROOT = iphoneos;
				SWIFT_ACTIVE_COMPILATION_CONDITIONS = "DEBUG $(inherited)";
				SWIFT_OPTIMIZATION_LEVEL = "-Onone";
			};
			name = Debug;
		};
		1A28809B2DA98A050083A3A0 /* Release */ = {
			isa = XCBuildConfiguration;
			buildSettings = {
				ALWAYS_SEARCH_USER_PATHS = NO;
				ASSETCATALOG_COMPILER_GENERATE_SWIFT_ASSET_SYMBOL_EXTENSIONS = YES;
				CLANG_ANALYZER_NONNULL = YES;
				CLANG_ANALYZER_NUMBER_OBJECT_CONVERSION = YES_AGGRESSIVE;
				CLANG_CXX_LANGUAGE_STANDARD = "gnu++20";
				CLANG_ENABLE_MODULES = YES;
				CLANG_ENABLE_OBJC_ARC = YES;
				CLANG_ENABLE_OBJC_WEAK = YES;
				CLANG_WARN_BLOCK_CAPTURE_AUTORELEASING = YES;
				CLANG_WARN_BOOL_CONVERSION = YES;
				CLANG_WARN_COMMA = YES;
				CLANG_WARN_CONSTANT_CONVERSION = YES;
				CLANG_WARN_DEPRECATED_OBJC_IMPLEMENTATIONS = YES;
				CLANG_WARN_DIRECT_OBJC_ISA_USAGE = YES_ERROR;
				CLANG_WARN_DOCUMENTATION_COMMENTS = YES;
				CLANG_WARN_EMPTY_BODY = YES;
				CLANG_WARN_ENUM_CONVERSION = YES;
				CLANG_WARN_INFINITE_RECURSION = YES;
				CLANG_WARN_INT_CONVERSION = YES;
				CLANG_WARN_NON_LITERAL_NULL_CONVERSION = YES;
				CLANG_WARN_OBJC_IMPLICIT_RETAIN_SELF = YES;
				CLANG_WARN_OBJC_LITERAL_CONVERSION = YES;
				CLANG_WARN_OBJC_ROOT_CLASS = YES_ERROR;
				CLANG_WARN_QUOTED_INCLUDE_IN_FRAMEWORK_HEADER = YES;
				CLANG_WARN_RANGE_LOOP_ANALYSIS = YES;
				CLANG_WARN_STRICT_PROTOTYPES = YES;
				CLANG_WARN_SUSPICIOUS_MOVE = YES;
				CLANG_WARN_UNGUARDED_AVAILABILITY = YES_AGGRESSIVE;
				CLANG_WARN_UNREACHABLE_CODE = YES;
				CLANG_WARN__DUPLICATE_METHOD_MATCH = YES;
				COPY_PHASE_STRIP = NO;
				DEBUG_INFORMATION_FORMAT = "dwarf-with-dsym";
				DEVELOPMENT_TEAM = 783H8C9LDS;
				ENABLE_NS_ASSERTIONS = NO;
				ENABLE_STRICT_OBJC_MSGSEND = YES;
				ENABLE_USER_SCRIPT_SANDBOXING = YES;
				GCC_C_LANGUAGE_STANDARD = gnu17;
				GCC_NO_COMMON_BLOCKS = YES;
				GCC_WARN_64_TO_32_BIT_CONVERSION = YES;
				GCC_WARN_ABOUT_RETURN_TYPE = YES_ERROR;
				GCC_WARN_UNDECLARED_SELECTOR = YES;
				GCC_WARN_UNINITIALIZED_AUTOS = YES_AGGRESSIVE;
				GCC_WARN_UNUSED_FUNCTION = YES;
				GCC_WARN_UNUSED_VARIABLE = YES;
				IPHONEOS_DEPLOYMENT_TARGET = 18.4;
				LOCALIZATION_PREFERS_STRING_CATALOGS = YES;
				MTL_ENABLE_DEBUG_INFO = NO;
				MTL_FAST_MATH = YES;
				SDKROOT = iphoneos;
				SWIFT_COMPILATION_MODE = wholemodule;
				VALIDATE_PRODUCT = YES;
			};
			name = Release;
		};
		1A28809D2DA98A050083A3A0 /* Debug */ = {
			isa = XCBuildConfiguration;
			buildSettings = {
				ASSETCATALOG_COMPILER_APPICON_NAME = AppIcon;
				ASSETCATALOG_COMPILER_GLOBAL_ACCENT_COLOR_NAME = AccentColor;
				CODE_SIGN_STYLE = Automatic;
				CURRENT_PROJECT_VERSION = 1;
				DEVELOPMENT_TEAM = 783H8C9LDS;
				ENABLE_PREVIEWS = YES;
				GENERATE_INFOPLIST_FILE = YES;
				INFOPLIST_KEY_UIApplicationSceneManifest_Generation = YES;
				INFOPLIST_KEY_UIApplicationSupportsIndirectInputEvents = YES;
				INFOPLIST_KEY_UILaunchScreen_Generation = YES;
				INFOPLIST_KEY_UISupportedInterfaceOrientations_iPad = "UIInterfaceOrientationPortrait UIInterfaceOrientationPortraitUpsideDown UIInterfaceOrientationLandscapeLeft UIInterfaceOrientationLandscapeRight";
				INFOPLIST_KEY_UISupportedInterfaceOrientations_iPhone = "UIInterfaceOrientationPortrait UIInterfaceOrientationLandscapeLeft UIInterfaceOrientationLandscapeRight";
				LD_RUNPATH_SEARCH_PATHS = (
					"$(inherited)",
					"@executable_path/Frameworks",
				);
				MARKETING_VERSION = 1.0;
				PRODUCT_BUNDLE_IDENTIFIER = com.willdesign.FarmSprayTracker;
				PRODUCT_NAME = "$(TARGET_NAME)";
				SWIFT_EMIT_LOC_STRINGS = YES;
				SWIFT_VERSION = 5.0;
				TARGETED_DEVICE_FAMILY = "1,2";
			};
			name = Debug;
		};
		1A28809E2DA98A050083A3A0 /* Release */ = {
			isa = XCBuildConfiguration;
			buildSettings = {
				ASSETCATALOG_COMPILER_APPICON_NAME = AppIcon;
				ASSETCATALOG_COMPILER_GLOBAL_ACCENT_COLOR_NAME = AccentColor;
				CODE_SIGN_STYLE = Automatic;
				CURRENT_PROJECT_VERSION = 1;
				DEVELOPMENT_TEAM = 783H8C9LDS;
				ENABLE_PREVIEWS = YES;
				GENERATE_INFOPLIST_FILE = YES;
				INFOPLIST_KEY_UIApplicationSceneManifest_Generation = YES;
				INFOPLIST_KEY_UIApplicationSupportsIndirectInputEvents = YES;
				INFOPLIST_KEY_UILaunchScreen_Generation = YES;
				INFOPLIST_KEY_UISupportedInterfaceOrientations_iPad = "UIInterfaceOrientationPortrait UIInterfaceOrientationPortraitUpsideDown UIInterfaceOrientationLandscapeLeft UIInterfaceOrientationLandscapeRight";
				INFOPLIST_KEY_UISupportedInterfaceOrientations_iPhone = "UIInterfaceOrientationPortrait UIInterfaceOrientationLandscapeLeft UIInterfaceOrientationLandscapeRight";
				LD_RUNPATH_SEARCH_PATHS = (
					"$(inherited)",
					"@executable_path/Frameworks",
				);
				MARKETING_VERSION = 1.0;
				PRODUCT_BUNDLE_IDENTIFIER = com.willdesign.FarmSprayTracker;
				PRODUCT_NAME = "$(TARGET_NAME)";
				SWIFT_EMIT_LOC_STRINGS = YES;
				SWIFT_VERSION = 5.0;
				TARGETED_DEVICE_FAMILY = "1,2";
			};
			name = Release;
		};
		1A2880A02DA98A050083A3A0 /* Debug */ = {
			isa = XCBuildConfiguration;
			buildSettings = {
				BUNDLE_LOADER = "$(TEST_HOST)";
				CODE_SIGN_STYLE = Automatic;
				CURRENT_PROJECT_VERSION = 1;
				DEVELOPMENT_TEAM = 783H8C9LDS;
				GENERATE_INFOPLIST_FILE = YES;
				IPHONEOS_DEPLOYMENT_TARGET = 18.4;
				MARKETING_VERSION = 1.0;
				PRODUCT_BUNDLE_IDENTIFIER = com.willdesign.FarmSprayTrackerTests;
				PRODUCT_NAME = "$(TARGET_NAME)";
				SWIFT_EMIT_LOC_STRINGS = NO;
				SWIFT_VERSION = 5.0;
				TARGETED_DEVICE_FAMILY = "1,2";
				TEST_HOST = "$(BUILT_PRODUCTS_DIR)/FarmSprayTracker.app/$(BUNDLE_EXECUTABLE_FOLDER_PATH)/FarmSprayTracker";
			};
			name = Debug;
		};
		1A2880A12DA98A050083A3A0 /* Release */ = {
			isa = XCBuildConfiguration;
			buildSettings = {
				BUNDLE_LOADER = "$(TEST_HOST)";
				CODE_SIGN_STYLE = Automatic;
				CURRENT_PROJECT_VERSION = 1;
				DEVELOPMENT_TEAM = 783H8C9LDS;
				GENERATE_INFOPLIST_FILE = YES;
				IPHONEOS_DEPLOYMENT_TARGET = 18.4;
				MARKETING_VERSION = 1.0;
				PRODUCT_BUNDLE_IDENTIFIER = com.willdesign.FarmSprayTrackerTests;
				PRODUCT_NAME = "$(TARGET_NAME)";
				SWIFT_EMIT_LOC_STRINGS = NO;
				SWIFT_VERSION = 5.0;
				TARGETED_DEVICE_FAMILY = "1,2";
				TEST_HOST = "$(BUILT_PRODUCTS_DIR)/FarmSprayTracker.app/$(BUNDLE_EXECUTABLE_FOLDER_PATH)/FarmSprayTracker";
			};
			name = Release;
		};
		1A2880A32DA98A050083A3A0 /* Debug */ = {
			isa = XCBuildConfiguration;
			buildSettings = {
				CODE_SIGN_STYLE = Automatic;
				CURRENT_PROJECT_VERSION = 1;
				DEVELOPMENT_TEAM = 783H8C9LDS;
				GENERATE_INFOPLIST_FILE = YES;
				MARKETING_VERSION = 1.0;
				PRODUCT_BUNDLE_IDENTIFIER = com.willdesign.FarmSprayTrackerUITests;
				PRODUCT_NAME = "$(TARGET_NAME)";
				SWIFT_EMIT_LOC_STRINGS = NO;
				SWIFT_VERSION = 5.0;
				TARGETED_DEVICE_FAMILY = "1,2";
				TEST_TARGET_NAME = FarmSprayTracker;
			};
			name = Debug;
		};
		1A2880A42DA98A050083A3A0 /* Release */ = {
			isa = XCBuildConfiguration;
			buildSettings = {
				CODE_SIGN_STYLE = Automatic;
				CURRENT_PROJECT_VERSION = 1;
				DEVELOPMENT_TEAM = 783H8C9LDS;
				GENERATE_INFOPLIST_FILE = YES;
				MARKETING_VERSION = 1.0;
				PRODUCT_BUNDLE_IDENTIFIER = com.willdesign.FarmSprayTrackerUITests;
				PRODUCT_NAME = "$(TARGET_NAME)";
				SWIFT_EMIT_LOC_STRINGS = NO;
				SWIFT_VERSION = 5.0;
				TARGETED_DEVICE_FAMILY = "1,2";
				TEST_TARGET_NAME = FarmSprayTracker;
			};
			name = Release;
		};
/* End XCBuildConfiguration section */

/* Begin XCConfigurationList section */
		1A2880712DA98A040083A3A0 /* Build configuration list for PBXProject "FarmSprayTracker" */ = {
			isa = XCConfigurationList;
			buildConfigurations = (
				1A28809A2DA98A050083A3A0 /* Debug */,
				1A28809B2DA98A050083A3A0 /* Release */,
			);
			defaultConfigurationIsVisible = 0;
			defaultConfigurationName = Release;
		};
		1A28809C2DA98A050083A3A0 /* Build configuration list for PBXNativeTarget "FarmSprayTracker" */ = {
			isa = XCConfigurationList;
			buildConfigurations = (
				1A28809D2DA98A050083A3A0 /* Debug */,
				1A28809E2DA98A050083A3A0 /* Release */,
			);
			defaultConfigurationIsVisible = 0;
			defaultConfigurationName = Release;
		};
		1A28809F2DA98A050083A3A0 /* Build configuration list for PBXNativeTarget "FarmSprayTrackerTests" */ = {
			isa = XCConfigurationList;
			buildConfigurations = (
				1A2880A02DA98A050083A3A0 /* Debug */,
				1A2880A12DA98A050083A3A0 /* Release */,
			);
			defaultConfigurationIsVisible = 0;
			defaultConfigurationName = Release;
		};
		1A2880A22DA98A050083A3A0 /* Build configuration list for PBXNativeTarget "FarmSprayTrackerUITests" */ = {
			isa = XCConfigurationList;
			buildConfigurations = (
				1A2880A32DA98A050083A3A0 /* Debug */,
				1A2880A42DA98A050083A3A0 /* Release */,
			);
			defaultConfigurationIsVisible = 0;
			defaultConfigurationName = Release;
		};
/* End XCConfigurationList section */
	};
	rootObject = 1A28806E2DA98A040083A3A0 /* Project object */;
}
